
Microsoft Visual Studio Solution File, Format Version 12.00
# Visual Studio Version 16
VisualStudioVersion = 16.0.28803.352
MinimumVisualStudioVersion = 15.0.26124.0
Project("{9A19103F-16F7-4668-BE54-9A1E7A4F7556}") = "Common", "common\Common.csproj", "{C7AFE2B5-25AA-49FB-9B01-E5149F78EB20}"
EndProject
Project("{9A19103F-16F7-4668-BE54-9A1E7A4F7556}") = "SearchEngines", "searchengines\SearchEngines.csproj", "{6A320566-98B0-41AC-B0A1-013470E44DD5}"
EndProject
Project("{9A19103F-16F7-4668-BE54-9A1E7A4F7556}") = "MainSite", "mainsite\MainSite.csproj", "{6C9F6494-A097-4A5A-8576-145A606ACEDA}"
EndProject
Project("{2150E333-8FDC-42A3-9474-1A3956D46DE8}") = "crawlers", "crawlers", "{3181148A-69E9-42E2-B5D9-552B8D7D1A9C}"
EndProject
Project("{2150E333-8FDC-42A3-9474-1A3956D46DE8}") = "Patu", "Patu", "{B7CF69A1-F3B7-48AA-81F3-DC5F7FFE3716}"
EndProject
Project("{9A19103F-16F7-4668-BE54-9A1E7A4F7556}") = "Patu", "crawlers\Patu\Core\Patu.csproj", "{973D153F-3B2D-4EDF-8D00-CB0E120B8238}"
EndProject
Project("{9A19103F-16F7-4668-BE54-9A1E7A4F7556}") = "PatuCrawler", "crawlers\patucrawler\PatuCrawler.csproj", "{01815699-ED86-4DBD-AB43-3DC56A8D5686}"
EndProject
Project("{9A19103F-16F7-4668-BE54-9A1E7A4F7556}") = "Test", "crawlers\Patu\Test\Test.csproj", "{E4111E86-AD6B-48AE-91D8-A0D91664D9D4}"
EndProject
Global
	GlobalSection(SolutionConfigurationPlatforms) = preSolution
		Debug|Any CPU = Debug|Any CPU
		Debug|x64 = Debug|x64
		Debug|x86 = Debug|x86
		Release|Any CPU = Release|Any CPU
		Release|x64 = Release|x64
		Release|x86 = Release|x86
	EndGlobalSection
	GlobalSection(ProjectConfigurationPlatforms) = postSolution
		{C7AFE2B5-25AA-49FB-9B01-E5149F78EB20}.Debug|Any CPU.ActiveCfg = Debug|Any CPU
		{C7AFE2B5-25AA-49FB-9B01-E5149F78EB20}.Debug|Any CPU.Build.0 = Debug|Any CPU
		{C7AFE2B5-25AA-49FB-9B01-E5149F78EB20}.Debug|x64.ActiveCfg = Debug|Any CPU
		{C7AFE2B5-25AA-49FB-9B01-E5149F78EB20}.Debug|x64.Build.0 = Debug|Any CPU
		{C7AFE2B5-25AA-49FB-9B01-E5149F78EB20}.Debug|x86.ActiveCfg = Debug|Any CPU
		{C7AFE2B5-25AA-49FB-9B01-E5149F78EB20}.Debug|x86.Build.0 = Debug|Any CPU
		{C7AFE2B5-25AA-49FB-9B01-E5149F78EB20}.Release|Any CPU.ActiveCfg = Release|Any CPU
		{C7AFE2B5-25AA-49FB-9B01-E5149F78EB20}.Release|Any CPU.Build.0 = Release|Any CPU
		{C7AFE2B5-25AA-49FB-9B01-E5149F78EB20}.Release|x64.ActiveCfg = Release|Any CPU
		{C7AFE2B5-25AA-49FB-9B01-E5149F78EB20}.Release|x64.Build.0 = Release|Any CPU
		{C7AFE2B5-25AA-49FB-9B01-E5149F78EB20}.Release|x86.ActiveCfg = Release|Any CPU
		{C7AFE2B5-25AA-49FB-9B01-E5149F78EB20}.Release|x86.Build.0 = Release|Any CPU
		{6A320566-98B0-41AC-B0A1-013470E44DD5}.Debug|Any CPU.ActiveCfg = Debug|Any CPU
		{6A320566-98B0-41AC-B0A1-013470E44DD5}.Debug|Any CPU.Build.0 = Debug|Any CPU
		{6A320566-98B0-41AC-B0A1-013470E44DD5}.Debug|x64.ActiveCfg = Debug|Any CPU
		{6A320566-98B0-41AC-B0A1-013470E44DD5}.Debug|x64.Build.0 = Debug|Any CPU
		{6A320566-98B0-41AC-B0A1-013470E44DD5}.Debug|x86.ActiveCfg = Debug|Any CPU
		{6A320566-98B0-41AC-B0A1-013470E44DD5}.Debug|x86.Build.0 = Debug|Any CPU
		{6A320566-98B0-41AC-B0A1-013470E44DD5}.Release|Any CPU.ActiveCfg = Release|Any CPU
		{6A320566-98B0-41AC-B0A1-013470E44DD5}.Release|Any CPU.Build.0 = Release|Any CPU
		{6A320566-98B0-41AC-B0A1-013470E44DD5}.Release|x64.ActiveCfg = Release|Any CPU
		{6A320566-98B0-41AC-B0A1-013470E44DD5}.Release|x64.Build.0 = Release|Any CPU
		{6A320566-98B0-41AC-B0A1-013470E44DD5}.Release|x86.ActiveCfg = Release|Any CPU
		{6A320566-98B0-41AC-B0A1-013470E44DD5}.Release|x86.Build.0 = Release|Any CPU
		{6C9F6494-A097-4A5A-8576-145A606ACEDA}.Debug|Any CPU.ActiveCfg = Debug|Any CPU
		{6C9F6494-A097-4A5A-8576-145A606ACEDA}.Debug|Any CPU.Build.0 = Debug|Any CPU
		{6C9F6494-A097-4A5A-8576-145A606ACEDA}.Debug|x64.ActiveCfg = Debug|Any CPU
		{6C9F6494-A097-4A5A-8576-145A606ACEDA}.Debug|x64.Build.0 = Debug|Any CPU
		{6C9F6494-A097-4A5A-8576-145A606ACEDA}.Debug|x86.ActiveCfg = Debug|Any CPU
		{6C9F6494-A097-4A5A-8576-145A606ACEDA}.Debug|x86.Build.0 = Debug|Any CPU
		{6C9F6494-A097-4A5A-8576-145A606ACEDA}.Release|Any CPU.ActiveCfg = Release|Any CPU
		{6C9F6494-A097-4A5A-8576-145A606ACEDA}.Release|Any CPU.Build.0 = Release|Any CPU
		{6C9F6494-A097-4A5A-8576-145A606ACEDA}.Release|x64.ActiveCfg = Release|Any CPU
		{6C9F6494-A097-4A5A-8576-145A606ACEDA}.Release|x64.Build.0 = Release|Any CPU
		{6C9F6494-A097-4A5A-8576-145A606ACEDA}.Release|x86.ActiveCfg = Release|Any CPU
		{6C9F6494-A097-4A5A-8576-145A606ACEDA}.Release|x86.Build.0 = Release|Any CPU
		{973D153F-3B2D-4EDF-8D00-CB0E120B8238}.Debug|Any CPU.ActiveCfg = Debug|Any CPU
		{973D153F-3B2D-4EDF-8D00-CB0E120B8238}.Debug|Any CPU.Build.0 = Debug|Any CPU
		{973D153F-3B2D-4EDF-8D00-CB0E120B8238}.Debug|x64.ActiveCfg = Debug|Any CPU
		{973D153F-3B2D-4EDF-8D00-CB0E120B8238}.Debug|x64.Build.0 = Debug|Any CPU
		{973D153F-3B2D-4EDF-8D00-CB0E120B8238}.Debug|x86.ActiveCfg = Debug|Any CPU
		{973D153F-3B2D-4EDF-8D00-CB0E120B8238}.Debug|x86.Build.0 = Debug|Any CPU
		{973D153F-3B2D-4EDF-8D00-CB0E120B8238}.Release|Any CPU.ActiveCfg = Release|Any CPU
		{973D153F-3B2D-4EDF-8D00-CB0E120B8238}.Release|Any CPU.Build.0 = Release|Any CPU
		{973D153F-3B2D-4EDF-8D00-CB0E120B8238}.Release|x64.ActiveCfg = Release|Any CPU
		{973D153F-3B2D-4EDF-8D00-CB0E120B8238}.Release|x64.Build.0 = Release|Any CPU
		{973D153F-3B2D-4EDF-8D00-CB0E120B8238}.Release|x86.ActiveCfg = Release|Any CPU
		{973D153F-3B2D-4EDF-8D00-CB0E120B8238}.Release|x86.Build.0 = Release|Any CPU
		{01815699-ED86-4DBD-AB43-3DC56A8D5686}.Debug|Any CPU.ActiveCfg = Debug|Any CPU
		{01815699-ED86-4DBD-AB43-3DC56A8D5686}.Debug|Any CPU.Build.0 = Debug|Any CPU
		{01815699-ED86-4DBD-AB43-3DC56A8D5686}.Debug|x64.ActiveCfg = Debug|Any CPU
		{01815699-ED86-4DBD-AB43-3DC56A8D5686}.Debug|x64.Build.0 = Debug|Any CPU
		{01815699-ED86-4DBD-AB43-3DC56A8D5686}.Debug|x86.ActiveCfg = Debug|Any CPU
		{01815699-ED86-4DBD-AB43-3DC56A8D5686}.Debug|x86.Build.0 = Debug|Any CPU
		{01815699-ED86-4DBD-AB43-3DC56A8D5686}.Release|Any CPU.ActiveCfg = Release|Any CPU
		{01815699-ED86-4DBD-AB43-3DC56A8D5686}.Release|Any CPU.Build.0 = Release|Any CPU
		{01815699-ED86-4DBD-AB43-3DC56A8D5686}.Release|x64.ActiveCfg = Release|Any CPU
		{01815699-ED86-4DBD-AB43-3DC56A8D5686}.Release|x64.Build.0 = Release|Any CPU
		{01815699-ED86-4DBD-AB43-3DC56A8D5686}.Release|x86.ActiveCfg = Release|Any CPU
		{01815699-ED86-4DBD-AB43-3DC56A8D5686}.Release|x86.Build.0 = Release|Any CPU
		{E4111E86-AD6B-48AE-91D8-A0D91664D9D4}.Debug|Any CPU.ActiveCfg = Debug|Any CPU
		{E4111E86-AD6B-48AE-91D8-A0D91664D9D4}.Debug|Any CPU.Build.0 = Debug|Any CPU
		{E4111E86-AD6B-48AE-91D8-A0D91664D9D4}.Debug|x64.ActiveCfg = Debug|Any CPU
		{E4111E86-AD6B-48AE-91D8-A0D91664D9D4}.Debug|x64.Build.0 = Debug|Any CPU
		{E4111E86-AD6B-48AE-91D8-A0D91664D9D4}.Debug|x86.ActiveCfg = Debug|Any CPU
		{E4111E86-AD6B-48AE-91D8-A0D91664D9D4}.Debug|x86.Build.0 = Debug|Any CPU
		{E4111E86-AD6B-48AE-91D8-A0D91664D9D4}.Release|Any CPU.ActiveCfg = Release|Any CPU
		{E4111E86-AD6B-48AE-91D8-A0D91664D9D4}.Release|Any CPU.Build.0 = Release|Any CPU
		{E4111E86-AD6B-48AE-91D8-A0D91664D9D4}.Release|x64.ActiveCfg = Release|Any CPU
		{E4111E86-AD6B-48AE-91D8-A0D91664D9D4}.Release|x64.Build.0 = Release|Any CPU
		{E4111E86-AD6B-48AE-91D8-A0D91664D9D4}.Release|x86.ActiveCfg = Release|Any CPU
		{E4111E86-AD6B-48AE-91D8-A0D91664D9D4}.Release|x86.Build.0 = Release|Any CPU
	EndGlobalSection
	GlobalSection(SolutionProperties) = preSolution
		HideSolutionNode = FALSE
	EndGlobalSection
	GlobalSection(NestedProjects) = preSolution
		{B7CF69A1-F3B7-48AA-81F3-DC5F7FFE3716} = {3181148A-69E9-42E2-B5D9-552B8D7D1A9C}
		{973D153F-3B2D-4EDF-8D00-CB0E120B8238} = {B7CF69A1-F3B7-48AA-81F3-DC5F7FFE3716}
		{01815699-ED86-4DBD-AB43-3DC56A8D5686} = {3181148A-69E9-42E2-B5D9-552B8D7D1A9C}
		{E4111E86-AD6B-48AE-91D8-A0D91664D9D4} = {B7CF69A1-F3B7-48AA-81F3-DC5F7FFE3716}
	EndGlobalSection
	GlobalSection(ExtensibilityGlobals) = postSolution
		SolutionGuid = {91562FF7-16FF-4D9C-B7D5-83F37AECDE8E}
	EndGlobalSection
EndGlobal
