
Microsoft Visual Studio Solution File, Format Version 12.00
# Visual Studio 15
VisualStudioVersion = 15.0.26124.0
MinimumVisualStudioVersion = 15.0.26124.0
Project("{FAE04EC0-301F-11D3-BF4B-00C04F79EFBC}") = "Common", "common\Common.csproj", "{C7AFE2B5-25AA-49FB-9B01-E5149F78EB20}"
EndProject
Project("{FAE04EC0-301F-11D3-BF4B-00C04F79EFBC}") = "SearchEngines", "searchengines\SearchEngines.csproj", "{6A320566-98B0-41AC-B0A1-013470E44DD5}"
EndProject
Project("{FAE04EC0-301F-11D3-BF4B-00C04F79EFBC}") = "TestConsole", "test\TestConsole.csproj", "{3DEE10F4-2C59-42CF-ABEA-CB0AE9E6EA04}"
EndProject
Project("{FAE04EC0-301F-11D3-BF4B-00C04F79EFBC}") = "MainSite", "mainsite\MainSite.csproj", "{6C9F6494-A097-4A5A-8576-145A606ACEDA}"
EndProject
Project("{2150E333-8FDC-42A3-9474-1A3956D46DE8}") = "extensions", "extensions", "{C040DCA1-41DA-49CA-BE69-6FFC998F74EA}"
EndProject
Project("{2150E333-8FDC-42A3-9474-1A3956D46DE8}") = "opentracing-net-extension", "opentracing-net-extension", "{43660625-F9E0-4B80-9C23-6433D0DFCFFF}"
EndProject
Project("{FAE04EC0-301F-11D3-BF4B-00C04F79EFBC}") = "OpentracingNetExtension", "extensions\opentracing-net-extension\src\OpentracingNetExtension.csproj", "{F837B705-34C1-4AEE-B45F-0A8B48C01345}"
EndProject
Global
	GlobalSection(SolutionConfigurationPlatforms) = preSolution
		Debug|Any CPU = Debug|Any CPU
		Debug|x64 = Debug|x64
		Debug|x86 = Debug|x86
		Release|Any CPU = Release|Any CPU
		Release|x64 = Release|x64
		Release|x86 = Release|x86
	EndGlobalSection
	GlobalSection(SolutionProperties) = preSolution
		HideSolutionNode = FALSE
	EndGlobalSection
	GlobalSection(ProjectConfigurationPlatforms) = postSolution
		{C7AFE2B5-25AA-49FB-9B01-E5149F78EB20}.Debug|Any CPU.ActiveCfg = Debug|Any CPU
		{C7AFE2B5-25AA-49FB-9B01-E5149F78EB20}.Debug|Any CPU.Build.0 = Debug|Any CPU
		{C7AFE2B5-25AA-49FB-9B01-E5149F78EB20}.Debug|x64.ActiveCfg = Debug|Any CPU
		{C7AFE2B5-25AA-49FB-9B01-E5149F78EB20}.Debug|x64.Build.0 = Debug|Any CPU
		{C7AFE2B5-25AA-49FB-9B01-E5149F78EB20}.Debug|x86.ActiveCfg = Debug|Any CPU
		{C7AFE2B5-25AA-49FB-9B01-E5149F78EB20}.Debug|x86.Build.0 = Debug|Any CPU
		{C7AFE2B5-25AA-49FB-9B01-E5149F78EB20}.Release|Any CPU.ActiveCfg = Release|Any CPU
		{C7AFE2B5-25AA-49FB-9B01-E5149F78EB20}.Release|Any CPU.Build.0 = Release|Any CPU
		{C7AFE2B5-25AA-49FB-9B01-E5149F78EB20}.Release|x64.ActiveCfg = Release|Any CPU
		{C7AFE2B5-25AA-49FB-9B01-E5149F78EB20}.Release|x64.Build.0 = Release|Any CPU
		{C7AFE2B5-25AA-49FB-9B01-E5149F78EB20}.Release|x86.ActiveCfg = Release|Any CPU
		{C7AFE2B5-25AA-49FB-9B01-E5149F78EB20}.Release|x86.Build.0 = Release|Any CPU
		{6A320566-98B0-41AC-B0A1-013470E44DD5}.Debug|Any CPU.ActiveCfg = Debug|Any CPU
		{6A320566-98B0-41AC-B0A1-013470E44DD5}.Debug|Any CPU.Build.0 = Debug|Any CPU
		{6A320566-98B0-41AC-B0A1-013470E44DD5}.Debug|x64.ActiveCfg = Debug|Any CPU
		{6A320566-98B0-41AC-B0A1-013470E44DD5}.Debug|x64.Build.0 = Debug|Any CPU
		{6A320566-98B0-41AC-B0A1-013470E44DD5}.Debug|x86.ActiveCfg = Debug|Any CPU
		{6A320566-98B0-41AC-B0A1-013470E44DD5}.Debug|x86.Build.0 = Debug|Any CPU
		{6A320566-98B0-41AC-B0A1-013470E44DD5}.Release|Any CPU.ActiveCfg = Release|Any CPU
		{6A320566-98B0-41AC-B0A1-013470E44DD5}.Release|Any CPU.Build.0 = Release|Any CPU
		{6A320566-98B0-41AC-B0A1-013470E44DD5}.Release|x64.ActiveCfg = Release|Any CPU
		{6A320566-98B0-41AC-B0A1-013470E44DD5}.Release|x64.Build.0 = Release|Any CPU
		{6A320566-98B0-41AC-B0A1-013470E44DD5}.Release|x86.ActiveCfg = Release|Any CPU
		{6A320566-98B0-41AC-B0A1-013470E44DD5}.Release|x86.Build.0 = Release|Any CPU
		{3DEE10F4-2C59-42CF-ABEA-CB0AE9E6EA04}.Debug|Any CPU.ActiveCfg = Debug|Any CPU
		{3DEE10F4-2C59-42CF-ABEA-CB0AE9E6EA04}.Debug|Any CPU.Build.0 = Debug|Any CPU
		{3DEE10F4-2C59-42CF-ABEA-CB0AE9E6EA04}.Debug|x64.ActiveCfg = Debug|Any CPU
		{3DEE10F4-2C59-42CF-ABEA-CB0AE9E6EA04}.Debug|x64.Build.0 = Debug|Any CPU
		{3DEE10F4-2C59-42CF-ABEA-CB0AE9E6EA04}.Debug|x86.ActiveCfg = Debug|Any CPU
		{3DEE10F4-2C59-42CF-ABEA-CB0AE9E6EA04}.Debug|x86.Build.0 = Debug|Any CPU
		{3DEE10F4-2C59-42CF-ABEA-CB0AE9E6EA04}.Release|Any CPU.ActiveCfg = Release|Any CPU
		{3DEE10F4-2C59-42CF-ABEA-CB0AE9E6EA04}.Release|Any CPU.Build.0 = Release|Any CPU
		{3DEE10F4-2C59-42CF-ABEA-CB0AE9E6EA04}.Release|x64.ActiveCfg = Release|Any CPU
		{3DEE10F4-2C59-42CF-ABEA-CB0AE9E6EA04}.Release|x64.Build.0 = Release|Any CPU
		{3DEE10F4-2C59-42CF-ABEA-CB0AE9E6EA04}.Release|x86.ActiveCfg = Release|Any CPU
		{3DEE10F4-2C59-42CF-ABEA-CB0AE9E6EA04}.Release|x86.Build.0 = Release|Any CPU
		{6C9F6494-A097-4A5A-8576-145A606ACEDA}.Debug|Any CPU.ActiveCfg = Debug|Any CPU
		{6C9F6494-A097-4A5A-8576-145A606ACEDA}.Debug|Any CPU.Build.0 = Debug|Any CPU
		{6C9F6494-A097-4A5A-8576-145A606ACEDA}.Debug|x64.ActiveCfg = Debug|Any CPU
		{6C9F6494-A097-4A5A-8576-145A606ACEDA}.Debug|x64.Build.0 = Debug|Any CPU
		{6C9F6494-A097-4A5A-8576-145A606ACEDA}.Debug|x86.ActiveCfg = Debug|Any CPU
		{6C9F6494-A097-4A5A-8576-145A606ACEDA}.Debug|x86.Build.0 = Debug|Any CPU
		{6C9F6494-A097-4A5A-8576-145A606ACEDA}.Release|Any CPU.ActiveCfg = Release|Any CPU
		{6C9F6494-A097-4A5A-8576-145A606ACEDA}.Release|Any CPU.Build.0 = Release|Any CPU
		{6C9F6494-A097-4A5A-8576-145A606ACEDA}.Release|x64.ActiveCfg = Release|Any CPU
		{6C9F6494-A097-4A5A-8576-145A606ACEDA}.Release|x64.Build.0 = Release|Any CPU
		{6C9F6494-A097-4A5A-8576-145A606ACEDA}.Release|x86.ActiveCfg = Release|Any CPU
		{6C9F6494-A097-4A5A-8576-145A606ACEDA}.Release|x86.Build.0 = Release|Any CPU
		{F837B705-34C1-4AEE-B45F-0A8B48C01345}.Debug|Any CPU.ActiveCfg = Debug|Any CPU
		{F837B705-34C1-4AEE-B45F-0A8B48C01345}.Debug|Any CPU.Build.0 = Debug|Any CPU
		{F837B705-34C1-4AEE-B45F-0A8B48C01345}.Debug|x64.ActiveCfg = Debug|Any CPU
		{F837B705-34C1-4AEE-B45F-0A8B48C01345}.Debug|x64.Build.0 = Debug|Any CPU
		{F837B705-34C1-4AEE-B45F-0A8B48C01345}.Debug|x86.ActiveCfg = Debug|Any CPU
		{F837B705-34C1-4AEE-B45F-0A8B48C01345}.Debug|x86.Build.0 = Debug|Any CPU
		{F837B705-34C1-4AEE-B45F-0A8B48C01345}.Release|Any CPU.ActiveCfg = Release|Any CPU
		{F837B705-34C1-4AEE-B45F-0A8B48C01345}.Release|Any CPU.Build.0 = Release|Any CPU
		{F837B705-34C1-4AEE-B45F-0A8B48C01345}.Release|x64.ActiveCfg = Release|Any CPU
		{F837B705-34C1-4AEE-B45F-0A8B48C01345}.Release|x64.Build.0 = Release|Any CPU
		{F837B705-34C1-4AEE-B45F-0A8B48C01345}.Release|x86.ActiveCfg = Release|Any CPU
		{F837B705-34C1-4AEE-B45F-0A8B48C01345}.Release|x86.Build.0 = Release|Any CPU
	EndGlobalSection
	GlobalSection(NestedProjects) = preSolution
		{43660625-F9E0-4B80-9C23-6433D0DFCFFF} = {C040DCA1-41DA-49CA-BE69-6FFC998F74EA}
		{F837B705-34C1-4AEE-B45F-0A8B48C01345} = {43660625-F9E0-4B80-9C23-6433D0DFCFFF}
	EndGlobalSection
EndGlobal
