
Microsoft Visual Studio Solution File, Format Version 12.00
# Visual Studio Version 16
VisualStudioVersion = 16.0.29324.140
MinimumVisualStudioVersion = 10.0.40219.1
Project("{9A19103F-16F7-4668-BE54-9A1E7A4F7556}") = "Hotoke.Blazor", "Hotoke.Blazor.csproj", "{FBC9D5A5-C67F-406F-AFE7-886A5FA3D1E8}"
EndProject
Project("{9A19103F-16F7-4668-BE54-9A1E7A4F7556}") = "hotoke.core", "..\core\hotoke.core.csproj", "{46A6E8F5-F5FD-4531-AFBF-E5BC923753DC}"
EndProject
Global
	GlobalSection(SolutionConfigurationPlatforms) = preSolution
		Debug|Any CPU = Debug|Any CPU
		Release|Any CPU = Release|Any CPU
	EndGlobalSection
	GlobalSection(ProjectConfigurationPlatforms) = postSolution
		{FBC9D5A5-C67F-406F-AFE7-886A5FA3D1E8}.Debug|Any CPU.ActiveCfg = Debug|Any CPU
		{FBC9D5A5-C67F-406F-AFE7-886A5FA3D1E8}.Debug|Any CPU.Build.0 = Debug|Any CPU
		{FBC9D5A5-C67F-406F-AFE7-886A5FA3D1E8}.Release|Any CPU.ActiveCfg = Release|Any CPU
		{FBC9D5A5-C67F-406F-AFE7-886A5FA3D1E8}.Release|Any CPU.Build.0 = Release|Any CPU
		{46A6E8F5-F5FD-4531-AFBF-E5BC923753DC}.Debug|Any CPU.ActiveCfg = Debug|Any CPU
		{46A6E8F5-F5FD-4531-AFBF-E5BC923753DC}.Debug|Any CPU.Build.0 = Debug|Any CPU
		{46A6E8F5-F5FD-4531-AFBF-E5BC923753DC}.Release|Any CPU.ActiveCfg = Release|Any CPU
		{46A6E8F5-F5FD-4531-AFBF-E5BC923753DC}.Release|Any CPU.Build.0 = Release|Any CPU
	EndGlobalSection
	GlobalSection(SolutionProperties) = preSolution
		HideSolutionNode = FALSE
	EndGlobalSection
	GlobalSection(ExtensibilityGlobals) = postSolution
		SolutionGuid = {9F61F058-C3EA-4A40-B882-92087200E4D6}
	EndGlobalSection
EndGlobal
